<?xml version="1.0" encoding="utf-8"?>
<Project ToolsVersion="4.0" xmlns="http://schemas.microsoft.com/developer/msbuild/2003">
  <ItemGroup>
    <Filter Include="Source Files">
      <UniqueIdentifier>{4FC737F1-C7A5-4376-A066-2A32D752A2FF}</UniqueIdentifier>
      <Extensions>cpp;c;cc;cxx;c++;cppm;ixx;def;odl;idl;hpj;bat;asm;asmx</Extensions>
    </Filter>
    <Filter Include="Header Files">
      <UniqueIdentifier>{93995380-89BD-4b04-88EB-625FBE52EBFB}</UniqueIdentifier>
      <Extensions>h;hh;hpp;hxx;h++;hm;inl;inc;ipp;xsd</Extensions>
    </Filter>
    <Filter Include="Resource Files">
      <UniqueIdentifier>{67DA6AB6-F800-4c08-8B7A-83BB121AAD01}</UniqueIdentifier>
      <Extensions>rc;ico;cur;bmp;dlg;rc2;rct;bin;rgs;gif;jpg;jpeg;jpe;resx;tiff;tif;png;wav;mfcribbon-ms</Extensions>
    </Filter>
  </ItemGroup>
  <ItemGroup>
    <ClCompile Include="app\game.cpp">
      <Filter>Source Files</Filter>
    </ClCompile>
    <ClCompile Include="engine\Manager.cpp">
      <Filter>Source Files</Filter>
    </ClCompile>
    <ClCompile Include="engine\LogManager.cpp">
      <Filter>Source Files</Filter>
    </ClCompile>
    <ClCompile Include="test\Test.cpp">
      <Filter>Source Files</Filter>
    </ClCompile>
    <ClCompile Include="engine\Clock.cpp">
      <Filter>Source Files</Filter>
    </ClCompile>
    <ClCompile Include="engine\Vector.cpp">
      <Filter>Source Files</Filter>
    </ClCompile>
    <ClCompile Include="engine\game\GameManager.cpp">
      <Filter>Source Files</Filter>
    </ClCompile>
    <ClCompile Include="engine\game\Object.cpp">
      <Filter>Source Files</Filter>
    </ClCompile>
    <ClCompile Include="engine\game\ObjectList.cpp">
      <Filter>Source Files</Filter>
    </ClCompile>
    <ClCompile Include="engine\game\WorldManager.cpp">
      <Filter>Source Files</Filter>
    </ClCompile>
    <ClCompile Include="engine\Event.cpp">
      <Filter>Source Files</Filter>
    </ClCompile>
    <ClCompile Include="engine\game\EventStep.cpp">
      <Filter>Source Files</Filter>
    </ClCompile>
    <ClCompile Include="test\TestObject.cpp">
      <Filter>Source Files</Filter>
    </ClCompile>
    <ClCompile Include="engine\graphics\DisplayManager.cpp">
      <Filter>Source Files</Filter>
    </ClCompile>
    <ClCompile Include="engine\graphics\Color.cpp">
      <Filter>Source Files</Filter>
    </ClCompile>
    <ClCompile Include="engine\Utility.cpp">
      <Filter>Source Files</Filter>
    </ClCompile>
    <ClCompile Include="test\TestDrawingObject.cpp">
      <Filter>Source Files</Filter>
    </ClCompile>
    <ClCompile Include="engine\input\InputManager.cpp">
      <Filter>Source Files</Filter>
    </ClCompile>
    <ClCompile Include="engine\input\EventKeyboard.cpp">
      <Filter>Source Files</Filter>
    </ClCompile>
    <ClCompile Include="engine\input\EventMouse.cpp">
      <Filter>Source Files</Filter>
    </ClCompile>
    <ClCompile Include="engine\game\EventCollision.cpp">
      <Filter>Source Files</Filter>
    </ClCompile>
    <ClCompile Include="engine\game\EventOut.cpp">
      <Filter>Source Files</Filter>
    </ClCompile>
    <ClCompile Include="test\OutObject.cpp">
      <Filter>Source Files</Filter>
    </ClCompile>
    <ClCompile Include="test\TestPlayer.cpp">
      <Filter>Source Files</Filter>
    </ClCompile>
    <ClCompile Include="engine\graphics\Frame.cpp">
      <Filter>Source Files</Filter>
    </ClCompile>
    <ClCompile Include="engine\graphics\Sprite.cpp">
      <Filter>Source Files</Filter>
    </ClCompile>
    <ClCompile Include="engine\ResourceManager.cpp">
      <Filter>Source Files</Filter>
    </ClCompile>
    <ClCompile Include="engine\graphics\Animation.cpp">
      <Filter>Source Files</Filter>
    </ClCompile>
    <ClCompile Include="engine\audio\Sound.cpp">
      <Filter>Source Files</Filter>
    </ClCompile>
    <ClCompile Include="engine\audio\Music.cpp">
      <Filter>Source Files</Filter>
    </ClCompile>
    <ClCompile Include="engine\Box.cpp">
      <Filter>Source Files</Filter>
    </ClCompile>
    <ClCompile Include="test\SpriteObject.cpp">
      <Filter>Source Files</Filter>
    </ClCompile>
    <ClCompile Include="app\Projectile.cpp">
      <Filter>Source Files</Filter>
    </ClCompile>
    <ClCompile Include="app\ProjectileManager.cpp">
      <Filter>Source Files</Filter>
    </ClCompile>
    <ClCompile Include="app\Player.cpp">
      <Filter>Source Files</Filter>
    </ClCompile>
    <ClCompile Include="app\EventTeleport.cpp">
      <Filter>Source Files</Filter>
    </ClCompile>
    <ClCompile Include="app\Portal.cpp">
      <Filter>Source Files</Filter>
    </ClCompile>
    <ClCompile Include="app\Floor.cpp">
      <Filter>Source Files</Filter>
    </ClCompile>
    <ClCompile Include="app\SafeZone.cpp">
      <Filter>Source Files</Filter>
    </ClCompile>
    <ClCompile Include="app\EventChangeColor.cpp">
      <Filter>Source Files</Filter>
    </ClCompile>
    <ClCompile Include="app\Countdown.cpp">
      <Filter>Source Files</Filter>
    </ClCompile>
    <ClCompile Include="app\EventCountdownFinished.cpp">
      <Filter>Source Files</Filter>
    </ClCompile>
    <ClCompile Include="app\FloorManager.cpp">
      <Filter>Source Files</Filter>
    </ClCompile>
    <ClCompile Include="app\GameOver.cpp">
      <Filter>Source Files</Filter>
    </ClCompile>
    <ClCompile Include="app\GameStart.cpp">
      <Filter>Source Files</Filter>
    </ClCompile>
    <ClCompile Include="app\EventLevelUp.cpp">
      <Filter>Source Files</Filter>
    </ClCompile>
    <ClCompile Include="app\LevelDisplay.cpp">
      <Filter>Source Files</Filter>
    </ClCompile>
    <ClCompile Include="app\Arrow.cpp">
      <Filter>Source Files</Filter>
    </ClCompile>
    <ClCompile Include="app\ScoreDisplay.cpp">
      <Filter>Source Files</Filter>
    </ClCompile>
    <ClCompile Include="app\EventGameEnd.cpp">
      <Filter>Source Files</Filter>
    </ClCompile>
    <ClCompile Include="app\PlayerHealthDisplay.cpp">
      <Filter>Source Files</Filter>
    </ClCompile>
  </ItemGroup>
  <ItemGroup>
    <ClInclude Include="engine\Manager.h">
      <Filter>Header Files</Filter>
    </ClInclude>
    <ClInclude Include="engine\LogManager.h">
      <Filter>Header Files</Filter>
    </ClInclude>
    <ClInclude Include="test\Test.h">
      <Filter>Header Files</Filter>
    </ClInclude>
    <ClInclude Include="engine\Clock.h">
      <Filter>Header Files</Filter>
    </ClInclude>
    <ClInclude Include="engine\Vector.h">
      <Filter>Header Files</Filter>
    </ClInclude>
    <ClInclude Include="engine\game\GameManager.h">
      <Filter>Header Files</Filter>
    </ClInclude>
    <ClInclude Include="engine\game\Object.h">
      <Filter>Header Files</Filter>
    </ClInclude>
    <ClInclude Include="engine\game\ObjectList.h">
      <Filter>Header Files</Filter>
    </ClInclude>
    <ClInclude Include="engine\game\WorldManager.h">
      <Filter>Header Files</Filter>
    </ClInclude>
    <ClInclude Include="engine\Event.h">
      <Filter>Header Files</Filter>
    </ClInclude>
    <ClInclude Include="engine\game\EventStep.h">
      <Filter>Header Files</Filter>
    </ClInclude>
    <ClInclude Include="test\TestObject.h">
      <Filter>Header Files</Filter>
    </ClInclude>
    <ClInclude Include="engine\graphics\DisplayManager.h">
      <Filter>Header Files</Filter>
    </ClInclude>
    <ClInclude Include="engine\graphics\Color.h">
      <Filter>Header Files</Filter>
    </ClInclude>
    <ClInclude Include="engine\Utility.h">
      <Filter>Header Files</Filter>
    </ClInclude>
    <ClInclude Include="engine\graphics\Justification.h">
      <Filter>Header Files</Filter>
    </ClInclude>
    <ClInclude Include="test\TestDrawingObject.h">
      <Filter>Header Files</Filter>
    </ClInclude>
    <ClInclude Include="engine\input\InputManager.h">
      <Filter>Header Files</Filter>
    </ClInclude>
    <ClInclude Include="engine\input\EventKeyboard.h">
      <Filter>Header Files</Filter>
    </ClInclude>
    <ClInclude Include="engine\input\EventMouse.h">
      <Filter>Header Files</Filter>
    </ClInclude>
    <ClInclude Include="engine\game\EventCollision.h">
      <Filter>Header Files</Filter>
    </ClInclude>
    <ClInclude Include="engine\game\EventOut.h">
      <Filter>Header Files</Filter>
    </ClInclude>
    <ClInclude Include="test\OutObject.h">
      <Filter>Header Files</Filter>
    </ClInclude>
    <ClInclude Include="test\TestPlayer.h">
      <Filter>Header Files</Filter>
    </ClInclude>
    <ClInclude Include="engine\graphics\Frame.h">
      <Filter>Header Files</Filter>
    </ClInclude>
    <ClInclude Include="engine\graphics\Sprite.h">
      <Filter>Header Files</Filter>
    </ClInclude>
    <ClInclude Include="engine\ResourceManager.h">
      <Filter>Header Files</Filter>
    </ClInclude>
    <ClInclude Include="engine\graphics\Animation.h">
      <Filter>Header Files</Filter>
    </ClInclude>
    <ClInclude Include="engine\audio\Sound.h">
      <Filter>Header Files</Filter>
    </ClInclude>
    <ClInclude Include="engine\audio\Music.h">
      <Filter>Header Files</Filter>
    </ClInclude>
    <ClInclude Include="engine\Box.h">
      <Filter>Header Files</Filter>
    </ClInclude>
    <ClInclude Include="test\SpriteObject.h">
      <Filter>Header Files</Filter>
    </ClInclude>
    <ClInclude Include="app\Projectile.h">
      <Filter>Header Files</Filter>
    </ClInclude>
    <ClInclude Include="app\ProjectileManager.h">
      <Filter>Header Files</Filter>
    </ClInclude>
    <ClInclude Include="app\Player.h">
      <Filter>Header Files</Filter>
    </ClInclude>
    <ClInclude Include="app\EventTeleport.h">
      <Filter>Header Files</Filter>
    </ClInclude>
    <ClInclude Include="app\Portal.h">
      <Filter>Header Files</Filter>
    </ClInclude>
    <ClInclude Include="app\Floor.h">
      <Filter>Header Files</Filter>
    </ClInclude>
    <ClInclude Include="app\SafeZone.h">
      <Filter>Header Files</Filter>
    </ClInclude>
    <ClInclude Include="app\EventChangeColor.h">
      <Filter>Header Files</Filter>
    </ClInclude>
    <ClInclude Include="app\Countdown.h">
      <Filter>Header Files</Filter>
    </ClInclude>
    <ClInclude Include="app\EventCountdownFinished.h">
      <Filter>Header Files</Filter>
    </ClInclude>
    <ClInclude Include="app\FloorManager.h">
      <Filter>Header Files</Filter>
    </ClInclude>
    <ClInclude Include="app\GameOver.h">
      <Filter>Header Files</Filter>
    </ClInclude>
    <ClInclude Include="app\GameStart.h">
      <Filter>Header Files</Filter>
    </ClInclude>
    <ClInclude Include="app\EventLevelUp.h">
      <Filter>Header Files</Filter>
    </ClInclude>
    <ClInclude Include="app\LevelDisplay.h">
      <Filter>Header Files</Filter>
    </ClInclude>
    <ClInclude Include="app\Arrow.h">
      <Filter>Header Files</Filter>
    </ClInclude>
    <ClInclude Include="app\ScoreDisplay.h">
      <Filter>Header Files</Filter>
    </ClInclude>
    <ClInclude Include="app\EventGameEnd.h">
      <Filter>Header Files</Filter>
    </ClInclude>
    <ClInclude Include="app\Difficulty.h">
      <Filter>Header Files</Filter>
    </ClInclude>
    <ClInclude Include="app\PlayerHealthDisplay.h">
      <Filter>Header Files</Filter>
    </ClInclude>
  </ItemGroup>
  <ItemGroup>
    <Text Include="assets\sprites\invalid-widths.txt" />
    <Text Include="assets\sprites\invalid-frame-count1.txt" />
    <Text Include="assets\sprites\invalid-frame-count2.txt" />
    <Text Include="assets\sprites\good-test1.txt" />
    <Text Include="assets\sprites\invalid-heights.txt" />
    <Text Include="assets\sprites\chunk-spr.txt" />
    <Text Include="assets\sprites\frazzle-spr.txt" />
    <Text Include="assets\sprites\projectile2.txt" />
    <Text Include="assets\sprites\turquoise-portal.txt" />
    <Text Include="assets\sprites\floor.txt" />
    <Text Include="assets\sprites\orange-portal.txt" />
    <Text Include="assets\sprites\player.txt" />
    <Text Include="assets\sprites\game-over.txt" />
    <Text Include="assets\sprites\game-start.txt" />
    <Text Include="assets\sprites\right-arrow.txt" />
    <Text Include="assets\sprites\left-arrow.txt" />
  </ItemGroup>
</Project>